%{"connection": {:hex, :connection, "1.0.2"},
  "db_connection": {:git, "https://github.com/fishcakez/db_connection.git", "940a20ab1a34da13f778636aa2dc8baeba64c0f9", [branch: "master"]},
  "decimal": {:hex, :decimal, "1.1.2"},
  "earmark": {:hex, :earmark, "0.2.1"},
  "ex_doc": {:hex, :ex_doc, "0.11.4"},
  "inch_ex": {:hex, :inch_ex, "0.2.4"},
  "mariaex": {:hex, :mariaex, "0.7.1"},
  "poison": {:hex, :poison, "1.5.2"},
  "poolboy": {:hex, :poolboy, "1.5.1"},
  "postgrex": {:git, "https://github.com/ericmj/postgrex.git", "833c2fe0b32a0f6436d0ee4d54859599c6ca536f", [branch: "jf-db_conn-1_0"]},
  "sbroker": {:git, "https://github.com/fishcakez/sbroker.git", "5a9d90b06d6b252275adab88ff19947f8db04732", [tag: "v1.0.0-beta.1"]}}
